
Microsoft Visual Studio Solution File, Format Version 12.00
# Visual Studio 15
VisualStudioVersion = 15.0.28307.136
MinimumVisualStudioVersion = 10.0.40219.1
Project("{8BC9CEB8-8B4A-11D0-8D11-00A0C91BC942}") = "PiSAR", "PiSAR\PiSAR.vcxproj", "{4C040E13-E980-4A20-914B-2B21CD027BDF}"
EndProject
Global
	GlobalSection(SolutionConfigurationPlatforms) = preSolution
		Debug|x64 = Debug|x64
		Debug|x86 = Debug|x86
		Release|x64 = Release|x64
		Release|x86 = Release|x86
	EndGlobalSection
	GlobalSection(ProjectConfigurationPlatforms) = postSolution
		{4C040E13-E980-4A20-914B-2B21CD027BDF}.Debug|x64.ActiveCfg = Debug|x64
		{4C040E13-E980-4A20-914B-2B21CD027BDF}.Debug|x64.Build.0 = Debug|x64
		{4C040E13-E980-4A20-914B-2B21CD027BDF}.Debug|x86.ActiveCfg = Debug|Win32
		{4C040E13-E980-4A20-914B-2B21CD027BDF}.Debug|x86.Build.0 = Debug|Win32
		{4C040E13-E980-4A20-914B-2B21CD027BDF}.Release|x64.ActiveCfg = Release|x64
		{4C040E13-E980-4A20-914B-2B21CD027BDF}.Release|x64.Build.0 = Release|x64
		{4C040E13-E980-4A20-914B-2B21CD027BDF}.Release|x86.ActiveCfg = Release|Win32
		{4C040E13-E980-4A20-914B-2B21CD027BDF}.Release|x86.Build.0 = Release|Win32
	EndGlobalSection
	GlobalSection(SolutionProperties) = preSolution
		HideSolutionNode = FALSE
	EndGlobalSection
	GlobalSection(ExtensibilityGlobals) = postSolution
		SolutionGuid = {70F76191-2128-46E4-B165-3ED20C20AAAA}
	EndGlobalSection
EndGlobal
